{
  "name": "js-arr-test-765",
  "version": "1.0.0",
  "lockfileVersion": 2,
  "requires": true,
  "packages": {
    "": {
      "name": "js-arr-test-765",
      "version": "1.0.0",
      "license": "ISC",
      "dependencies": {
        "js-arr-test-765": "file:../../Projects/nodejs2"
      }
    },
    "../../Projects/nodejs2": {
      "version": "1.0.0",
      "license": "ISC"
    },
    "node_modules/js-arr-test-765": {
      "resolved": "../../Projects/nodejs2",
      "link": true
    }
  },
  "dependencies": {
    "js-arr-test-765": {
      "version": "file:../../Projects/nodejs2"
    }
  }
}
